
Microsoft Visual Studio Solution File, Format Version 12.00
# Visual Studio Version 16
VisualStudioVersion = 16.0.31515.178
MinimumVisualStudioVersion = 10.0.40219.1
Project("{FAE04EC0-301F-11D3-BF4B-00C04F79EFBC}") = "dotnetframeworkwebapprepository", "dotnetframeworkwebapprepository\dotnetframeworkwebapprepository.csproj", "{80C62861-0220-4E1D-B696-6A33C4A989F3}"
EndProject
Global
	GlobalSection(SolutionConfigurationPlatforms) = preSolution
		Debug|Any CPU = Debug|Any CPU
		Release|Any CPU = Release|Any CPU
	EndGlobalSection
	GlobalSection(ProjectConfigurationPlatforms) = postSolution
		{80C62861-0220-4E1D-B696-6A33C4A989F3}.Debug|Any CPU.ActiveCfg = Debug|Any CPU
		{80C62861-0220-4E1D-B696-6A33C4A989F3}.Debug|Any CPU.Build.0 = Debug|Any CPU
		{80C62861-0220-4E1D-B696-6A33C4A989F3}.Release|Any CPU.ActiveCfg = Release|Any CPU
		{80C62861-0220-4E1D-B696-6A33C4A989F3}.Release|Any CPU.Build.0 = Release|Any CPU
	EndGlobalSection
	GlobalSection(SolutionProperties) = preSolution
		HideSolutionNode = FALSE
	EndGlobalSection
	GlobalSection(ExtensibilityGlobals) = postSolution
		SolutionGuid = {5CB18E2E-0E8B-488A-903A-EE339A0ACAC7}
	EndGlobalSection
EndGlobal
